{
  "name": "my-app",
  "requires": true,
  "lockfileVersion": 1,
  "dependencies": {
    "lit-element": {
      "version": "2.2.1",
      "resolved": "https://registry.npmjs.org/lit-element/-/lit-element-2.2.1.tgz",
      "integrity": "sha512-ipDcgQ1EpW6Va2Z6dWm79jYdimVepO5GL0eYkZrFvdr0OD/1N260Q9DH+K5HXHFrRoC7dOg+ZpED2XE0TgGdXw==",
      "requires": {
        "lit-html": "^1.0.0"
      }
    }
  }
}
